
Microsoft Visual Studio Solution File, Format Version 12.00
# Visual Studio Version 17
VisualStudioVersion = 17.5.33502.453
MinimumVisualStudioVersion = 10.0.40219.1
Project("{FAE04EC0-301F-11D3-BF4B-00C04F79EFBC}") = "Gallows", "Gallows.csproj", "{1CC8D80B-6AEC-421C-AE08-F58342EB5A8A}"
EndProject
Global
	GlobalSection(SolutionConfigurationPlatforms) = preSolution
		Debug|Any CPU = Debug|Any CPU
		Release|Any CPU = Release|Any CPU
	EndGlobalSection
	GlobalSection(ProjectConfigurationPlatforms) = postSolution
		{1CC8D80B-6AEC-421C-AE08-F58342EB5A8A}.Debug|Any CPU.ActiveCfg = Debug|Any CPU
		{1CC8D80B-6AEC-421C-AE08-F58342EB5A8A}.Debug|Any CPU.Build.0 = Debug|Any CPU
		{1CC8D80B-6AEC-421C-AE08-F58342EB5A8A}.Release|Any CPU.ActiveCfg = Release|Any CPU
		{1CC8D80B-6AEC-421C-AE08-F58342EB5A8A}.Release|Any CPU.Build.0 = Release|Any CPU
	EndGlobalSection
	GlobalSection(SolutionProperties) = preSolution
		HideSolutionNode = FALSE
	EndGlobalSection
	GlobalSection(ExtensibilityGlobals) = postSolution
		SolutionGuid = {E71C1EBE-CF29-4D50-AC19-684340A81A40}
	EndGlobalSection
EndGlobal
